
Microsoft Visual Studio Solution File, Format Version 12.00
# Visual Studio 16
VisualStudioVersion = 16.0.29519.181
MinimumVisualStudioVersion = 10.0.40219.1
Project("{FAE04EC0-301F-11D3-BF4B-00C04F79EFBC}") = "SistemaGestion", "SistemaGestion\SistemaGestion.csproj", "{2F599C50-1234-ABCD-5678-987654321ABC}"
EndProject
Global
    GlobalSection(SolutionConfigurationPlatforms) = preSolution
        Debug|Any CPU = Debug|Any CPU
        Release|Any CPU = Release|Any CPU
    EndGlobalSection
    GlobalSection(ProjectConfigurationPlatforms) = postSolution
        {2F599C50-1234-ABCD-5678-987654321ABC}.Debug|Any CPU.ActiveCfg = Debug|Any CPU
        {2F599C50-1234-ABCD-5678-987654321ABC}.Debug|Any CPU.Build.0 = Debug|Any CPU
        {2F599C50-1234-ABCD-5678-987654321ABC}.Release|Any CPU.ActiveCfg = Release|Any CPU
        {2F599C50-1234-ABCD-5678-987654321ABC}.Release|Any CPU.Build.0 = Release|Any CPU
    EndGlobalSection
    GlobalSection(SolutionProperties) = preSolution
        HideSolutionNode = FALSE
    EndGlobalSection
EndGlobal
